
Microsoft Visual Studio Solution File, Format Version 12.00
# Visual Studio Version 16
VisualStudioVersion = 16.0.31729.503
MinimumVisualStudioVersion = 10.0.40219.1
Project("{FAE04EC0-301F-11D3-BF4B-00C04F79EFBC}") = "Enadla_Counterfoil", "Enadla_Counterfoil\Enadla_Counterfoil.csproj", "{E697FB4D-4237-41B3-8EE6-05382C7B2309}"
EndProject
Global
	GlobalSection(SolutionConfigurationPlatforms) = preSolution
		Debug|Any CPU = Debug|Any CPU
		Release|Any CPU = Release|Any CPU
	EndGlobalSection
	GlobalSection(ProjectConfigurationPlatforms) = postSolution
		{E697FB4D-4237-41B3-8EE6-05382C7B2309}.Debug|Any CPU.ActiveCfg = Debug|Any CPU
		{E697FB4D-4237-41B3-8EE6-05382C7B2309}.Debug|Any CPU.Build.0 = Debug|Any CPU
		{E697FB4D-4237-41B3-8EE6-05382C7B2309}.Release|Any CPU.ActiveCfg = Release|Any CPU
		{E697FB4D-4237-41B3-8EE6-05382C7B2309}.Release|Any CPU.Build.0 = Release|Any CPU
	EndGlobalSection
	GlobalSection(SolutionProperties) = preSolution
		HideSolutionNode = FALSE
	EndGlobalSection
	GlobalSection(ExtensibilityGlobals) = postSolution
		SolutionGuid = {3927B34A-7392-4BD7-8221-9D46D6891FB4}
	EndGlobalSection
EndGlobal
